
Microsoft Visual Studio Solution File, Format Version 12.00
# Visual Studio Version 17
VisualStudioVersion = 17.11.35312.102
MinimumVisualStudioVersion = 10.0.40219.1
Project("{FAE04EC0-301F-11D3-BF4B-00C04F79EFBC}") = "BP_ERP_Assignment", "BP_ERP_Assignment\BP_ERP_Assignment.csproj", "{FAE0C387-4399-438F-992A-381360E50FBB}"
EndProject
Global
	GlobalSection(SolutionConfigurationPlatforms) = preSolution
		Debug|Any CPU = Debug|Any CPU
		Release|Any CPU = Release|Any CPU
	EndGlobalSection
	GlobalSection(ProjectConfigurationPlatforms) = postSolution
		{FAE0C387-4399-438F-992A-381360E50FBB}.Debug|Any CPU.ActiveCfg = Debug|Any CPU
		{FAE0C387-4399-438F-992A-381360E50FBB}.Debug|Any CPU.Build.0 = Debug|Any CPU
		{FAE0C387-4399-438F-992A-381360E50FBB}.Release|Any CPU.ActiveCfg = Release|Any CPU
		{FAE0C387-4399-438F-992A-381360E50FBB}.Release|Any CPU.Build.0 = Release|Any CPU
	EndGlobalSection
	GlobalSection(SolutionProperties) = preSolution
		HideSolutionNode = FALSE
	EndGlobalSection
	GlobalSection(ExtensibilityGlobals) = postSolution
		SolutionGuid = {02A4D0D4-296C-4732-8A40-A13A095FB98E}
	EndGlobalSection
EndGlobal
